{
    "_readme": [
        "This file locks the dependencies of your project to a known state",
        "Read more about it at http://getcomposer.org/doc/01-basic-usage.md#composer-lock-the-lock-file",
        "This file is @generated automatically"
    ],
    "hash": "0478f75c7d8d197634d005b588a8b9b0",
    "packages": [
        {
            "name": "mrclay/minify",
            "version": "dev-master",
            "source": {
                "type": "git",
                "url": "https://github.com/mrclay/minify.git",
                "reference": "bd9a450694cda1b54c43a1784adabe36ad522d89"
            },
            "dist": {
                "type": "zip",
                "url": "https://api.github.com/repos/mrclay/minify/zipball/bd9a450694cda1b54c43a1784adabe36ad522d89",
                "reference": "bd9a450694cda1b54c43a1784adabe36ad522d89",
                "shasum": ""
            },
            "require": {
                "ext-pcre": "*",
                "php": ">=5.2.1"
            },
            "require-dev": {
                "tubalmartin/cssmin": "~2.4.8"
            },
            "suggest": {
                "tubalmartin/cssmin": "Support minify with CSSMin (YUI PHP port)"
            },
            "type": "library",
            "autoload": {
                "classmap": [
                    "min/lib/"
                ]
            },
            "notification-url": "https://packagist.org/downloads/",
            "license": [
                "BSD-3-Clause"
            ],
            "authors": [
                {
                    "name": "Stephen Clay",
                    "email": "steve@mrclay.org",
                    "role": "Developer"
                }
            ],
            "description": "Minify is a PHP5 app that helps you follow several rules for client-side performance. It combines multiple CSS or Javascript files, removes unnecessary whitespace and comments, and serves them with gzip encoding and optimal client-side cache headers",
            "homepage": "http://code.google.com/p/minify/",
            "time": "2014-09-25 11:40:53"
        },
        {
            "name": "pimcore/installer-plugin",
            "version": "1.3.0",
            "source": {
                "type": "git",
                "url": "https://github.com/pimcore/composer-installer-plugin.git",
                "reference": "4e9219a389a422dedc7ad4670224983061a6ebbb"
            },
            "dist": {
                "type": "zip",
                "url": "https://api.github.com/repos/pimcore/composer-installer-plugin/zipball/4e9219a389a422dedc7ad4670224983061a6ebbb",
                "reference": "4e9219a389a422dedc7ad4670224983061a6ebbb",
                "shasum": ""
            },
            "type": "composer-installer",
            "extra": {
                "class": "Pimcore\\Composer\\PluginInstaller"
            },
            "autoload": {
                "psr-0": {
                    "Pimcore\\Composer\\": "src/"
                }
            },
            "notification-url": "https://packagist.org/downloads/",
            "license": [
                "BSD-3-Clause"
            ],
            "authors": [
                {
                    "name": "pimcore Team",
                    "email": "info@pimcore.com",
                    "homepage": "http://www.pimcore.org/",
                    "role": "Developer"
                }
            ],
            "description": "A custom composer installer for pimcore - plugins",
            "homepage": "http://www.pimcore.org/",
            "keywords": [
                "installer",
                "pimcore",
                "plugin"
            ],
            "time": "2014-08-04 10:32:41"
        }
    ],
    "packages-dev": [],
    "aliases": [],
    "minimum-stability": "stable",
    "stability-flags": {
        "mrclay/minify": 20
    },
    "prefer-stable": false,
    "platform": [],
    "platform-dev": []
}
